{
  "version": 4,
  "terraform_version": "1.10.1",
  "serial": 22,
  "lineage": "283d53ad-ffac-fad7-0f12-3ae1de4463cc",
  "outputs": {},
  "resources": [
    {
      "mode": "managed",
      "type": "azurerm_resource_group",
      "name": "rg",
      "provider": "provider[\"registry.terraform.io/hashicorp/azurerm\"]",
      "instances": [
        {
          "schema_version": 0,
          "attributes": {
            "id": "/subscriptions/30df9e49-5998-4aeb-98fc-d198dec00b91/resourceGroups/resource-group-01",
            "location": "uksouth",
            "managed_by": "",
            "name": "resource-group-01",
            "tags": {},
            "timeouts": null
          },
          "sensitive_attributes": [],
          "private": "eyJlMmJmYjczMC1lY2FhLTExZTYtOGY4OC0zNDM2M2JjN2M0YzAiOnsiY3JlYXRlIjo1NDAwMDAwMDAwMDAwLCJkZWxldGUiOjU0MDAwMDAwMDAwMDAsInJlYWQiOjMwMDAwMDAwMDAwMCwidXBkYXRlIjo1NDAwMDAwMDAwMDAwfX0="
        }
      ]
    },
    {
      "mode": "managed",
      "type": "azurerm_service_plan",
      "name": "asp",
      "provider": "provider[\"registry.terraform.io/hashicorp/azurerm\"]",
      "instances": [
        {
          "schema_version": 1,
          "attributes": {
            "app_service_environment_id": "",
            "id": "/subscriptions/30df9e49-5998-4aeb-98fc-d198dec00b91/resourceGroups/resource-group-01/providers/Microsoft.Web/serverFarms/app-service-plan-01",
            "kind": "app",
            "location": "uksouth",
            "maximum_elastic_worker_count": 1,
            "name": "app-service-plan-01",
            "os_type": "Windows",
            "per_site_scaling_enabled": false,
            "reserved": false,
            "resource_group_name": "resource-group-01",
            "sku_name": "F1",
            "tags": {},
            "timeouts": null,
            "worker_count": 0,
            "zone_balancing_enabled": false
          },
          "sensitive_attributes": [],
          "private": "eyJlMmJmYjczMC1lY2FhLTExZTYtOGY4OC0zNDM2M2JjN2M0YzAiOnsiY3JlYXRlIjozNjAwMDAwMDAwMDAwLCJkZWxldGUiOjM2MDAwMDAwMDAwMDAsInJlYWQiOjMwMDAwMDAwMDAwMCwidXBkYXRlIjozNjAwMDAwMDAwMDAwfSwic2NoZW1hX3ZlcnNpb24iOiIxIn0="
        }
      ]
    },
    {
      "mode": "managed",
      "type": "azurerm_windows_web_app",
      "name": "wa",
      "provider": "provider[\"registry.terraform.io/hashicorp/azurerm\"]",
      "instances": [
        {
          "schema_version": 1,
          "attributes": {
            "app_settings": null,
            "auth_settings": [],
            "auth_settings_v2": [],
            "backup": [],
            "client_affinity_enabled": false,
            "client_certificate_enabled": false,
            "client_certificate_exclusion_paths": "",
            "client_certificate_mode": "Required",
            "connection_string": [],
            "custom_domain_verification_id": "E08336DFEE09C4433CB97DE6578D8FA7A102BB201987F53EDA5B02CFAFCD3F84",
            "default_hostname": "app-service-02.azurewebsites.net",
            "enabled": true,
            "ftp_publish_basic_authentication_enabled": true,
            "hosting_environment_id": "",
            "https_only": false,
            "id": "/subscriptions/30df9e49-5998-4aeb-98fc-d198dec00b91/resourceGroups/resource-group-01/providers/Microsoft.Web/sites/app-service-02",
            "identity": [],
            "key_vault_reference_identity_id": "SystemAssigned",
            "kind": "app",
            "location": "uksouth",
            "logs": [],
            "name": "app-service-02",
            "outbound_ip_address_list": [
              "51.143.226.77",
              "51.143.226.88",
              "51.143.226.111",
              "51.143.226.123",
              "51.143.226.138",
              "51.143.226.169",
              "4.158.116.129",
              "51.104.28.70"
            ],
            "outbound_ip_addresses": "51.143.226.77,51.143.226.88,51.143.226.111,51.143.226.123,51.143.226.138,51.143.226.169,4.158.116.129,51.104.28.70",
            "possible_outbound_ip_address_list": [
              "51.143.226.77",
              "51.143.226.88",
              "51.143.226.111",
              "51.143.226.123",
              "51.143.226.138",
              "51.143.226.169",
              "4.158.116.129",
              "51.143.226.172",
              "51.143.226.73",
              "51.143.226.175",
              "51.143.226.198",
              "51.143.227.0",
              "51.143.226.106",
              "51.143.227.79",
              "20.49.139.16",
              "51.143.227.125",
              "51.143.227.139",
              "51.143.227.142",
              "51.143.227.151",
              "51.143.227.152",
              "51.143.227.155",
              "51.143.227.166",
              "51.143.227.169",
              "51.143.227.177",
              "51.143.227.179",
              "51.143.227.182",
              "51.143.227.184",
              "51.143.227.197",
              "20.49.142.105",
              "51.143.227.210",
              "51.143.227.243",
              "51.104.28.70"
            ],
            "possible_outbound_ip_addresses": "51.143.226.77,51.143.226.88,51.143.226.111,51.143.226.123,51.143.226.138,51.143.226.169,4.158.116.129,51.143.226.172,51.143.226.73,51.143.226.175,51.143.226.198,51.143.227.0,51.143.226.106,51.143.227.79,20.49.139.16,51.143.227.125,51.143.227.139,51.143.227.142,51.143.227.151,51.143.227.152,51.143.227.155,51.143.227.166,51.143.227.169,51.143.227.177,51.143.227.179,51.143.227.182,51.143.227.184,51.143.227.197,20.49.142.105,51.143.227.210,51.143.227.243,51.104.28.70",
            "public_network_access_enabled": true,
            "resource_group_name": "resource-group-01",
            "service_plan_id": "/subscriptions/30df9e49-5998-4aeb-98fc-d198dec00b91/resourceGroups/resource-group-01/providers/Microsoft.Web/serverFarms/app-service-plan-01",
            "site_config": [
              {
                "always_on": false,
                "api_definition_url": "",
                "api_management_api_id": "",
                "app_command_line": "",
                "application_stack": [
                  {
                    "current_stack": "",
                    "docker_image_name": "",
                    "docker_registry_password": "",
                    "docker_registry_url": "",
                    "docker_registry_username": "",
                    "dotnet_core_version": "",
                    "dotnet_version": "v4.0",
                    "java_container": "",
                    "java_container_version": "",
                    "java_embedded_server_enabled": false,
                    "java_version": "",
                    "node_version": "",
                    "php_version": "5.6",
                    "python": false,
                    "tomcat_version": ""
                  }
                ],
                "auto_heal_setting": [],
                "container_registry_managed_identity_client_id": "",
                "container_registry_use_managed_identity": false,
                "cors": [],
                "default_documents": [
                  "Default.htm",
                  "Default.html",
                  "Default.asp",
                  "index.htm",
                  "index.html",
                  "iisstart.htm",
                  "default.aspx",
                  "index.php",
                  "hostingstart.html"
                ],
                "detailed_error_logging_enabled": false,
                "ftps_state": "Disabled",
                "handler_mapping": [],
                "health_check_eviction_time_in_min": 0,
                "health_check_path": "",
                "http2_enabled": false,
                "ip_restriction": [],
                "ip_restriction_default_action": "Allow",
                "linux_fx_version": "",
                "load_balancing_mode": "LeastRequests",
                "local_mysql_enabled": false,
                "managed_pipeline_mode": "Integrated",
                "minimum_tls_version": "1.2",
                "remote_debugging_enabled": false,
                "remote_debugging_version": "VS2022",
                "scm_ip_restriction": [],
                "scm_ip_restriction_default_action": "Allow",
                "scm_minimum_tls_version": "1.2",
                "scm_type": "None",
                "scm_use_main_ip_restriction": false,
                "use_32_bit_worker": true,
                "virtual_application": [],
                "vnet_route_all_enabled": false,
                "websockets_enabled": false,
                "windows_fx_version": "",
                "worker_count": 1
              }
            ],
            "site_credential": [
              {
                "name": "$app-service-02",
                "password": "qptTFdgP7rZqE9qNPvAxz7onJge21scuE9uyazaxDh6q1zpJr3r1detR3a44"
              }
            ],
            "sticky_settings": [],
            "storage_account": [],
            "tags": null,
            "timeouts": null,
            "virtual_network_subnet_id": "",
            "webdeploy_publish_basic_authentication_enabled": true,
            "zip_deploy_file": ""
          },
          "sensitive_attributes": [
            [
              {
                "type": "get_attr",
                "value": "site_config"
              },
              {
                "type": "index",
                "value": {
                  "value": 0,
                  "type": "number"
                }
              },
              {
                "type": "get_attr",
                "value": "application_stack"
              },
              {
                "type": "index",
                "value": {
                  "value": 0,
                  "type": "number"
                }
              },
              {
                "type": "get_attr",
                "value": "docker_registry_password"
              }
            ],
            [
              {
                "type": "get_attr",
                "value": "site_credential"
              }
            ],
            [
              {
                "type": "get_attr",
                "value": "custom_domain_verification_id"
              }
            ]
          ],
          "private": "eyJlMmJmYjczMC1lY2FhLTExZTYtOGY4OC0zNDM2M2JjN2M0YzAiOnsiY3JlYXRlIjoxODAwMDAwMDAwMDAwLCJkZWxldGUiOjE4MDAwMDAwMDAwMDAsInJlYWQiOjMwMDAwMDAwMDAwMCwidXBkYXRlIjoxODAwMDAwMDAwMDAwfSwic2NoZW1hX3ZlcnNpb24iOiIxIn0=",
          "dependencies": [
            "azurerm_resource_group.rg",
            "azurerm_service_plan.asp"
          ]
        }
      ]
    }
  ],
  "check_results": null
}
